
Microsoft Visual Studio Solution File, Format Version 12.00
# Visual Studio Version 16
VisualStudioVersion = 16.0.30128.74
MinimumVisualStudioVersion = 10.0.40219.1
Project("{FAE04EC0-301F-11D3-BF4B-00C04F79EFBC}") = "TwoPlayerBattleShip", "TwoPlayerBattleShip\TwoPlayerBattleShip.csproj", "{0BAAF0EB-774F-4E18-A0E4-E724E417D4EA}"
EndProject
Global
	GlobalSection(SolutionConfigurationPlatforms) = preSolution
		Debug|Any CPU = Debug|Any CPU
		Release|Any CPU = Release|Any CPU
	EndGlobalSection
	GlobalSection(ProjectConfigurationPlatforms) = postSolution
		{0BAAF0EB-774F-4E18-A0E4-E724E417D4EA}.Debug|Any CPU.ActiveCfg = Debug|Any CPU
		{0BAAF0EB-774F-4E18-A0E4-E724E417D4EA}.Debug|Any CPU.Build.0 = Debug|Any CPU
		{0BAAF0EB-774F-4E18-A0E4-E724E417D4EA}.Release|Any CPU.ActiveCfg = Release|Any CPU
		{0BAAF0EB-774F-4E18-A0E4-E724E417D4EA}.Release|Any CPU.Build.0 = Release|Any CPU
	EndGlobalSection
	GlobalSection(SolutionProperties) = preSolution
		HideSolutionNode = FALSE
	EndGlobalSection
	GlobalSection(ExtensibilityGlobals) = postSolution
		SolutionGuid = {BDE8DD5E-C058-4A39-8640-E731E53C7296}
	EndGlobalSection
EndGlobal
